{
    "_readme": [
        "This file locks the dependencies of your project to a known state",
        "Read more about it at https://getcomposer.org/doc/01-basic-usage.md#installing-dependencies",
        "This file is @generated automatically"
    ],
    "content-hash": "40c103ee1e400fb4bfea08d3da2ea3a2",
    "packages": [
        {
            "name": "coffeecode/paginator",
            "version": "1.0.4",
            "source": {
                "type": "git",
                "url": "https://github.com/robsonvleite/paginator.git",
                "reference": "98b6a42ab7ee4a9ec08faa37e5cfb0a073143d2d"
            },
            "dist": {
                "type": "zip",
                "url": "https://api.github.com/repos/robsonvleite/paginator/zipball/98b6a42ab7ee4a9ec08faa37e5cfb0a073143d2d",
                "reference": "98b6a42ab7ee4a9ec08faa37e5cfb0a073143d2d",
                "shasum": ""
            },
            "require": {
                "php": "^7.2"
            },
            "type": "library",
            "autoload": {
                "psr-4": {
                    "CoffeeCode\\Paginator\\": "src"
                }
            },
            "notification-url": "https://packagist.org/downloads/",
            "license": [
                "MIT"
            ],
            "authors": [
                {
                    "name": "Robson V. Leite",
                    "email": "cursos@upinside.com.br",
                    "role": "Developer"
                }
            ],
            "description": "Paginator is simple and is ready to generate results navigation in your application",
            "homepage": "http://www.upinside.com.br",
            "keywords": [
                "Coffeecode",
                "pagination",
                "paginator",
                "upinside"
            ],
            "time": "2019-03-12T14:38:13+00:00"
        },
        {
            "name": "coffeecode/router",
            "version": "1.0.7",
            "source": {
                "type": "git",
                "url": "https://github.com/robsonvleite/router.git",
                "reference": "e3b94f72bc389e8b97d82a0fd0e5bff743e51667"
            },
            "dist": {
                "type": "zip",
                "url": "https://api.github.com/repos/robsonvleite/router/zipball/e3b94f72bc389e8b97d82a0fd0e5bff743e51667",
                "reference": "e3b94f72bc389e8b97d82a0fd0e5bff743e51667",
                "shasum": ""
            },
            "require": {
                "php": "^7.2"
            },
            "type": "library",
            "autoload": {
                "psr-4": {
                    "CoffeeCode\\Router\\": "src"
                }
            },
            "notification-url": "https://packagist.org/downloads/",
            "license": [
                "MIT"
            ],
            "authors": [
                {
                    "name": "Robson V. Leite",
                    "email": "cursos@upinside.com.br",
                    "role": "Developer"
                }
            ],
            "description": "A classic CoffeeCode Router is easy, fast and extremely uncomplicated. Create and manage your routes in minutes!",
            "homepage": "http://www.upinside.com.br",
            "keywords": [
                "Coffeecode",
                "route",
                "router",
                "routes",
                "upinside"
            ],
            "time": "2019-09-30T16:29:47+00:00"
        }
    ],
    "packages-dev": [],
    "aliases": [],
    "minimum-stability": "stable",
    "stability-flags": [],
    "prefer-stable": false,
    "prefer-lowest": false,
    "platform": {
        "php": "^7.1",
        "ext-pdo": "^7.1"
    },
    "platform-dev": []
}
